{
  "name": "aldoyh-github-io",
  "version": "1.0.0",
  "lockfileVersion": 3,
  "requires": true,
  "packages": {
    "": {
      "name": "aldoyh-github-io",
      "version": "1.0.0",
      "license": "MIT",
      "dependencies": {
        "marked": "^17.0.5"
      }
    },
    "node_modules/marked": {
      "version": "17.0.5",
      "license": "MIT",
      "bin": {
        "marked": "bin/marked.js"
      },
      "engines": {
        "node": ">= 20"
      }
    }
  }
}
